Microsoft Visual Studio Solution File, Format Version 12.00
# Visual Studio 2012
Project("{FAE04EC0-301F-11D3-BF4B-00C04F79EFBC}") = "Beskyddare", "Beskyddare.csproj", "{DCE7C68C-6A18-4E95-995B-BBF2C43ECA04}"
EndProject
Global
	GlobalSection(SolutionConfigurationPlatforms) = preSolution
	Debug|Any CPU = Debug|Any CPU
	Release|Any CPU = Release|Any CPU
	Tools|Any CPU = Tools|Any CPU
	EndGlobalSection
	GlobalSection(ProjectConfigurationPlatforms) = postSolution
		{DCE7C68C-6A18-4E95-995B-BBF2C43ECA04}.Debug|Any CPU.ActiveCfg = Debug|Any CPU
		{DCE7C68C-6A18-4E95-995B-BBF2C43ECA04}.Debug|Any CPU.Build.0 = Debug|Any CPU
		{DCE7C68C-6A18-4E95-995B-BBF2C43ECA04}.Release|Any CPU.ActiveCfg = Release|Any CPU
		{DCE7C68C-6A18-4E95-995B-BBF2C43ECA04}.Release|Any CPU.Build.0 = Release|Any CPU
		{DCE7C68C-6A18-4E95-995B-BBF2C43ECA04}.Tools|Any CPU.ActiveCfg = Tools|Any CPU
		{DCE7C68C-6A18-4E95-995B-BBF2C43ECA04}.Tools|Any CPU.Build.0 = Tools|Any CPU
	EndGlobalSection
EndGlobal
